// !$*UTF8*$!
{
	archiveVersion = 1;
	classes = {
	};
	objectVersion = 50;
	objects = {

/* Begin PBXBuildFile section */
		492020F825F1EFDA0075781C /* EGHL.framework in Frameworks */ = {isa = PBXBuildFile; fileRef = 492020F425F1EFD00075781C /* EGHL.framework */; };
		492020F925F1EFDA0075781C /* EGHL.framework in Embed Frameworks */ = {isa = PBXBuildFile; fileRef = 492020F425F1EFD00075781C /* EGHL.framework */; settings = {ATTRIBUTES = (CodeSignOnCopy, RemoveHeadersOnCopy, ); }; };
		49A9E98925E4A4A10026228A /* AppDelegate.swift in Sources */ = {isa = PBXBuildFile; fileRef = 49A9E98825E4A4A10026228A /* AppDelegate.swift */; };
		49A9E98B25E4A4A10026228A /* SceneDelegate.swift in Sources */ = {isa = PBXBuildFile; fileRef = 49A9E98A25E4A4A10026228A /* SceneDelegate.swift */; };
		49A9E98D25E4A4A10026228A /* ViewController.swift in Sources */ = {isa = PBXBuildFile; fileRef = 49A9E98C25E4A4A10026228A /* ViewController.swift */; };
		49A9E99025E4A4A10026228A /* Main.storyboard in Resources */ = {isa = PBXBuildFile; fileRef = 49A9E98E25E4A4A10026228A /* Main.storyboard */; };
		49A9E99225E4A4A30026228A /* Assets.xcassets in Resources */ = {isa = PBXBuildFile; fileRef = 49A9E99125E4A4A30026228A /* Assets.xcassets */; };
		49A9E99525E4A4A30026228A /* LaunchScreen.storyboard in Resources */ = {isa = PBXBuildFile; fileRef = 49A9E99325E4A4A30026228A /* LaunchScreen.storyboard */; };
		49A9E9A025E4A4A30026228A /* eGHL_Example_V2Tests.swift in Sources */ = {isa = PBXBuildFile; fileRef = 49A9E99F25E4A4A30026228A /* eGHL_Example_V2Tests.swift */; };
		49A9E9AB25E4A4A30026228A /* eGHL_Example_V2UITests.swift in Sources */ = {isa = PBXBuildFile; fileRef = 49A9E9AA25E4A4A30026228A /* eGHL_Example_V2UITests.swift */; };
		49A9E9CC25E4A6640026228A /* EGHL.bundle in Resources */ = {isa = PBXBuildFile; fileRef = 49A9E9CB25E4A6640026228A /* EGHL.bundle */; };
/* End PBXBuildFile section */

/* Begin PBXContainerItemProxy section */
		49A9E99C25E4A4A30026228A /* PBXContainerItemProxy */ = {
			isa = PBXContainerItemProxy;
			containerPortal = 49A9E97D25E4A4A10026228A /* Project object */;
			proxyType = 1;
			remoteGlobalIDString = 49A9E98425E4A4A10026228A;
			remoteInfo = "eGHL Example V2";
		};
		49A9E9A725E4A4A30026228A /* PBXContainerItemProxy */ = {
			isa = PBXContainerItemProxy;
			containerPortal = 49A9E97D25E4A4A10026228A /* Project object */;
			proxyType = 1;
			remoteGlobalIDString = 49A9E98425E4A4A10026228A;
			remoteInfo = "eGHL Example V2";
		};
/* End PBXContainerItemProxy section */

/* Begin PBXCopyFilesBuildPhase section */
		49A9E9C525E4A5C30026228A /* Embed Frameworks */ = {
			isa = PBXCopyFilesBuildPhase;
			buildActionMask = 2147483647;
			dstPath = "";
			dstSubfolderSpec = 10;
			files = (
				492020F925F1EFDA0075781C /* EGHL.framework in Embed Frameworks */,
			);
			name = "Embed Frameworks";
			runOnlyForDeploymentPostprocessing = 0;
		};
/* End PBXCopyFilesBuildPhase section */

/* Begin PBXFileReference section */
		492020F425F1EFD00075781C /* EGHL.framework */ = {isa = PBXFileReference; lastKnownFileType = wrapper.framework; path = EGHL.framework; sourceTree = "<group>"; };
		49A9E98525E4A4A10026228A /* eGHL Example V2.app */ = {isa = PBXFileReference; explicitFileType = wrapper.application; includeInIndex = 0; path = "eGHL Example V2.app"; sourceTree = BUILT_PRODUCTS_DIR; };
		49A9E98825E4A4A10026228A /* AppDelegate.swift */ = {isa = PBXFileReference; lastKnownFileType = sourcecode.swift; path = AppDelegate.swift; sourceTree = "<group>"; };
		49A9E98A25E4A4A10026228A /* SceneDelegate.swift */ = {isa = PBXFileReference; lastKnownFileType = sourcecode.swift; path = SceneDelegate.swift; sourceTree = "<group>"; };
		49A9E98C25E4A4A10026228A /* ViewController.swift */ = {isa = PBXFileReference; lastKnownFileType = sourcecode.swift; path = ViewController.swift; sourceTree = "<group>"; };
		49A9E98F25E4A4A10026228A /* Base */ = {isa = PBXFileReference; lastKnownFileType = file.storyboard; name = Base; path = Base.lproj/Main.storyboard; sourceTree = "<group>"; };
		49A9E99125E4A4A30026228A /* Assets.xcassets */ = {isa = PBXFileReference; lastKnownFileType = folder.assetcatalog; path = Assets.xcassets; sourceTree = "<group>"; };
		49A9E99425E4A4A30026228A /* Base */ = {isa = PBXFileReference; lastKnownFileType = file.storyboard; name = Base; path = Base.lproj/LaunchScreen.storyboard; sourceTree = "<group>"; };
		49A9E99625E4A4A30026228A /* Info.plist */ = {isa = PBXFileReference; lastKnownFileType = text.plist.xml; path = Info.plist; sourceTree = "<group>"; };
		49A9E99B25E4A4A30026228A /* eGHL Example V2Tests.xctest */ = {isa = PBXFileReference; explicitFileType = wrapper.cfbundle; includeInIndex = 0; path = "eGHL Example V2Tests.xctest"; sourceTree = BUILT_PRODUCTS_DIR; };
		49A9E99F25E4A4A30026228A /* eGHL_Example_V2Tests.swift */ = {isa = PBXFileReference; lastKnownFileType = sourcecode.swift; path = eGHL_Example_V2Tests.swift; sourceTree = "<group>"; };
		49A9E9A125E4A4A30026228A /* Info.plist */ = {isa = PBXFileReference; lastKnownFileType = text.plist.xml; path = Info.plist; sourceTree = "<group>"; };
		49A9E9A625E4A4A30026228A /* eGHL Example V2UITests.xctest */ = {isa = PBXFileReference; explicitFileType = wrapper.cfbundle; includeInIndex = 0; path = "eGHL Example V2UITests.xctest"; sourceTree = BUILT_PRODUCTS_DIR; };
		49A9E9AA25E4A4A30026228A /* eGHL_Example_V2UITests.swift */ = {isa = PBXFileReference; lastKnownFileType = sourcecode.swift; path = eGHL_Example_V2UITests.swift; sourceTree = "<group>"; };
		49A9E9AC25E4A4A30026228A /* Info.plist */ = {isa = PBXFileReference; lastKnownFileType = text.plist.xml; path = Info.plist; sourceTree = "<group>"; };
		49A9E9CB25E4A6640026228A /* EGHL.bundle */ = {isa = PBXFileReference; lastKnownFileType = "wrapper.plug-in"; name = EGHL.bundle; path = ../../SDK/EGHL.bundle; sourceTree = "<group>"; };
/* End PBXFileReference section */

/* Begin PBXFrameworksBuildPhase section */
		49A9E98225E4A4A10026228A /* Frameworks */ = {
			isa = PBXFrameworksBuildPhase;
			buildActionMask = 2147483647;
			files = (
				492020F825F1EFDA0075781C /* EGHL.framework in Frameworks */,
			);
			runOnlyForDeploymentPostprocessing = 0;
		};
		49A9E99825E4A4A30026228A /* Frameworks */ = {
			isa = PBXFrameworksBuildPhase;
			buildActionMask = 2147483647;
			files = (
			);
			runOnlyForDeploymentPostprocessing = 0;
		};
		49A9E9A325E4A4A30026228A /* Frameworks */ = {
			isa = PBXFrameworksBuildPhase;
			buildActionMask = 2147483647;
			files = (
			);
			runOnlyForDeploymentPostprocessing = 0;
		};
/* End PBXFrameworksBuildPhase section */

/* Begin PBXGroup section */
		49A9E97C25E4A4A10026228A = {
			isa = PBXGroup;
			children = (
				49A9E98725E4A4A10026228A /* eGHL Example V2 */,
				49A9E99E25E4A4A30026228A /* eGHL Example V2Tests */,
				49A9E9A925E4A4A30026228A /* eGHL Example V2UITests */,
				49A9E98625E4A4A10026228A /* Products */,
				49A9E9BF25E4A53A0026228A /* Frameworks */,
			);
			sourceTree = "<group>";
		};
		49A9E98625E4A4A10026228A /* Products */ = {
			isa = PBXGroup;
			children = (
				49A9E98525E4A4A10026228A /* eGHL Example V2.app */,
				49A9E99B25E4A4A30026228A /* eGHL Example V2Tests.xctest */,
				49A9E9A625E4A4A30026228A /* eGHL Example V2UITests.xctest */,
			);
			name = Products;
			sourceTree = "<group>";
		};
		49A9E98725E4A4A10026228A /* eGHL Example V2 */ = {
			isa = PBXGroup;
			children = (
				49A9E9CB25E4A6640026228A /* EGHL.bundle */,
				49A9E98825E4A4A10026228A /* AppDelegate.swift */,
				49A9E98A25E4A4A10026228A /* SceneDelegate.swift */,
				49A9E98C25E4A4A10026228A /* ViewController.swift */,
				49A9E98E25E4A4A10026228A /* Main.storyboard */,
				49A9E99125E4A4A30026228A /* Assets.xcassets */,
				49A9E99325E4A4A30026228A /* LaunchScreen.storyboard */,
				49A9E99625E4A4A30026228A /* Info.plist */,
			);
			path = "eGHL Example V2";
			sourceTree = "<group>";
		};
		49A9E99E25E4A4A30026228A /* eGHL Example V2Tests */ = {
			isa = PBXGroup;
			children = (
				49A9E99F25E4A4A30026228A /* eGHL_Example_V2Tests.swift */,
				49A9E9A125E4A4A30026228A /* Info.plist */,
			);
			path = "eGHL Example V2Tests";
			sourceTree = "<group>";
		};
		49A9E9A925E4A4A30026228A /* eGHL Example V2UITests */ = {
			isa = PBXGroup;
			children = (
				49A9E9AA25E4A4A30026228A /* eGHL_Example_V2UITests.swift */,
				49A9E9AC25E4A4A30026228A /* Info.plist */,
			);
			path = "eGHL Example V2UITests";
			sourceTree = "<group>";
		};
		49A9E9BF25E4A53A0026228A /* Frameworks */ = {
			isa = PBXGroup;
			children = (
				492020F425F1EFD00075781C /* EGHL.framework */,
			);
			path = Frameworks;
			sourceTree = "<group>";
		};
/* End PBXGroup section */

/* Begin PBXNativeTarget section */
		49A9E98425E4A4A10026228A /* eGHL Example V2 */ = {
			isa = PBXNativeTarget;
			buildConfigurationList = 49A9E9AF25E4A4A30026228A /* Build configuration list for PBXNativeTarget "eGHL Example V2" */;
			buildPhases = (
				49A9E98125E4A4A10026228A /* Sources */,
				49A9E98225E4A4A10026228A /* Frameworks */,
				49A9E98325E4A4A10026228A /* Resources */,
				49A9E9C525E4A5C30026228A /* Embed Frameworks */,
			);
			buildRules = (
			);
			dependencies = (
			);
			name = "eGHL Example V2";
			productName = "eGHL Example V2";
			productReference = 49A9E98525E4A4A10026228A /* eGHL Example V2.app */;
			productType = "com.apple.product-type.application";
		};
		49A9E99A25E4A4A30026228A /* eGHL Example V2Tests */ = {
			isa = PBXNativeTarget;
			buildConfigurationList = 49A9E9B225E4A4A30026228A /* Build configuration list for PBXNativeTarget "eGHL Example V2Tests" */;
			buildPhases = (
				49A9E99725E4A4A30026228A /* Sources */,
				49A9E99825E4A4A30026228A /* Frameworks */,
				49A9E99925E4A4A30026228A /* Resources */,
			);
			buildRules = (
			);
			dependencies = (
				49A9E99D25E4A4A30026228A /* PBXTargetDependency */,
			);
			name = "eGHL Example V2Tests";
			productName = "eGHL Example V2Tests";
			productReference = 49A9E99B25E4A4A30026228A /* eGHL Example V2Tests.xctest */;
			productType = "com.apple.product-type.bundle.unit-test";
		};
		49A9E9A525E4A4A30026228A /* eGHL Example V2UITests */ = {
			isa = PBXNativeTarget;
			buildConfigurationList = 49A9E9B525E4A4A30026228A /* Build configuration list for PBXNativeTarget "eGHL Example V2UITests" */;
			buildPhases = (
				49A9E9A225E4A4A30026228A /* Sources */,
				49A9E9A325E4A4A30026228A /* Frameworks */,
				49A9E9A425E4A4A30026228A /* Resources */,
			);
			buildRules = (
			);
			dependencies = (
				49A9E9A825E4A4A30026228A /* PBXTargetDependency */,
			);
			name = "eGHL Example V2UITests";
			productName = "eGHL Example V2UITests";
			productReference = 49A9E9A625E4A4A30026228A /* eGHL Example V2UITests.xctest */;
			productType = "com.apple.product-type.bundle.ui-testing";
		};
/* End PBXNativeTarget section */

/* Begin PBXProject section */
		49A9E97D25E4A4A10026228A /* Project object */ = {
			isa = PBXProject;
			attributes = {
				LastSwiftUpdateCheck = 1240;
				LastUpgradeCheck = 1240;
				TargetAttributes = {
					49A9E98425E4A4A10026228A = {
						CreatedOnToolsVersion = 12.4;
					};
					49A9E99A25E4A4A30026228A = {
						CreatedOnToolsVersion = 12.4;
						TestTargetID = 49A9E98425E4A4A10026228A;
					};
					49A9E9A525E4A4A30026228A = {
						CreatedOnToolsVersion = 12.4;
						TestTargetID = 49A9E98425E4A4A10026228A;
					};
				};
			};
			buildConfigurationList = 49A9E98025E4A4A10026228A /* Build configuration list for PBXProject "eGHL Example V2" */;
			compatibilityVersion = "Xcode 9.3";
			developmentRegion = en;
			hasScannedForEncodings = 0;
			knownRegions = (
				en,
				Base,
			);
			mainGroup = 49A9E97C25E4A4A10026228A;
			productRefGroup = 49A9E98625E4A4A10026228A /* Products */;
			projectDirPath = "";
			projectRoot = "";
			targets = (
				49A9E98425E4A4A10026228A /* eGHL Example V2 */,
				49A9E99A25E4A4A30026228A /* eGHL Example V2Tests */,
				49A9E9A525E4A4A30026228A /* eGHL Example V2UITests */,
			);
		};
/* End PBXProject section */

/* Begin PBXResourcesBuildPhase section */
		49A9E98325E4A4A10026228A /* Resources */ = {
			isa = PBXResourcesBuildPhase;
			buildActionMask = 2147483647;
			files = (
				49A9E99525E4A4A30026228A /* LaunchScreen.storyboard in Resources */,
				49A9E99225E4A4A30026228A /* Assets.xcassets in Resources */,
				49A9E99025E4A4A10026228A /* Main.storyboard in Resources */,
				49A9E9CC25E4A6640026228A /* EGHL.bundle in Resources */,
			);
			runOnlyForDeploymentPostprocessing = 0;
		};
		49A9E99925E4A4A30026228A /* Resources */ = {
			isa = PBXResourcesBuildPhase;
			buildActionMask = 2147483647;
			files = (
			);
			runOnlyForDeploymentPostprocessing = 0;
		};
		49A9E9A425E4A4A30026228A /* Resources */ = {
			isa = PBXResourcesBuildPhase;
			buildActionMask = 2147483647;
			files = (
			);
			runOnlyForDeploymentPostprocessing = 0;
		};
/* End PBXResourcesBuildPhase section */

/* Begin PBXSourcesBuildPhase section */
		49A9E98125E4A4A10026228A /* Sources */ = {
			isa = PBXSourcesBuildPhase;
			buildActionMask = 2147483647;
			files = (
				49A9E98D25E4A4A10026228A /* ViewController.swift in Sources */,
				49A9E98925E4A4A10026228A /* AppDelegate.swift in Sources */,
				49A9E98B25E4A4A10026228A /* SceneDelegate.swift in Sources */,
			);
			runOnlyForDeploymentPostprocessing = 0;
		};
		49A9E99725E4A4A30026228A /* Sources */ = {
			isa = PBXSourcesBuildPhase;
			buildActionMask = 2147483647;
			files = (
				49A9E9A025E4A4A30026228A /* eGHL_Example_V2Tests.swift in Sources */,
			);
			runOnlyForDeploymentPostprocessing = 0;
		};
		49A9E9A225E4A4A30026228A /* Sources */ = {
			isa = PBXSourcesBuildPhase;
			buildActionMask = 2147483647;
			files = (
				49A9E9AB25E4A4A30026228A /* eGHL_Example_V2UITests.swift in Sources */,
			);
			runOnlyForDeploymentPostprocessing = 0;
		};
/* End PBXSourcesBuildPhase section */

/* Begin PBXTargetDependency section */
		49A9E99D25E4A4A30026228A /* PBXTargetDependency */ = {
			isa = PBXTargetDependency;
			target = 49A9E98425E4A4A10026228A /* eGHL Example V2 */;
			targetProxy = 49A9E99C25E4A4A30026228A /* PBXContainerItemProxy */;
		};
		49A9E9A825E4A4A30026228A /* PBXTargetDependency */ = {
			isa = PBXTargetDependency;
			target = 49A9E98425E4A4A10026228A /* eGHL Example V2 */;
			targetProxy = 49A9E9A725E4A4A30026228A /* PBXContainerItemProxy */;
		};
/* End PBXTargetDependency section */

/* Begin PBXVariantGroup section */
		49A9E98E25E4A4A10026228A /* Main.storyboard */ = {
			isa = PBXVariantGroup;
			children = (
				49A9E98F25E4A4A10026228A /* Base */,
			);
			name = Main.storyboard;
			sourceTree = "<group>";
		};
		49A9E99325E4A4A30026228A /* LaunchScreen.storyboard */ = {
			isa = PBXVariantGroup;
			children = (
				49A9E99425E4A4A30026228A /* Base */,
			);
			name = LaunchScreen.storyboard;
			sourceTree = "<group>";
		};
/* End PBXVariantGroup section */

/* Begin XCBuildConfiguration section */
		49A9E9AD25E4A4A30026228A /* Debug */ = {
			isa = XCBuildConfiguration;
			buildSettings = {
				ALWAYS_SEARCH_USER_PATHS = NO;
				CLANG_ANALYZER_NONNULL = YES;
				CLANG_ANALYZER_NUMBER_OBJECT_CONVERSION = YES_AGGRESSIVE;
				CLANG_CXX_LANGUAGE_STANDARD = "gnu++14";
				CLANG_CXX_LIBRARY = "libc++";
				CLANG_ENABLE_MODULES = YES;
				CLANG_ENABLE_OBJC_ARC = YES;
				CLANG_ENABLE_OBJC_WEAK = YES;
				CLANG_WARN_BLOCK_CAPTURE_AUTORELEASING = YES;
				CLANG_WARN_BOOL_CONVERSION = YES;
				CLANG_WARN_COMMA = YES;
				CLANG_WARN_CONSTANT_CONVERSION = YES;
				CLANG_WARN_DEPRECATED_OBJC_IMPLEMENTATIONS = YES;
				CLANG_WARN_DIRECT_OBJC_ISA_USAGE = YES_ERROR;
				CLANG_WARN_DOCUMENTATION_COMMENTS = YES;
				CLANG_WARN_EMPTY_BODY = YES;
				CLANG_WARN_ENUM_CONVERSION = YES;
				CLANG_WARN_INFINITE_RECURSION = YES;
				CLANG_WARN_INT_CONVERSION = YES;
				CLANG_WARN_NON_LITERAL_NULL_CONVERSION = YES;
				CLANG_WARN_OBJC_IMPLICIT_RETAIN_SELF = YES;
				CLANG_WARN_OBJC_LITERAL_CONVERSION = YES;
				CLANG_WARN_OBJC_ROOT_CLASS = YES_ERROR;
				CLANG_WARN_QUOTED_INCLUDE_IN_FRAMEWORK_HEADER = YES;
				CLANG_WARN_RANGE_LOOP_ANALYSIS = YES;
				CLANG_WARN_STRICT_PROTOTYPES = YES;
				CLANG_WARN_SUSPICIOUS_MOVE = YES;
				CLANG_WARN_UNGUARDED_AVAILABILITY = YES_AGGRESSIVE;
				CLANG_WARN_UNREACHABLE_CODE = YES;
				CLANG_WARN__DUPLICATE_METHOD_MATCH = YES;
				COPY_PHASE_STRIP = NO;
				DEBUG_INFORMATION_FORMAT = dwarf;
				ENABLE_STRICT_OBJC_MSGSEND = YES;
				ENABLE_TESTABILITY = YES;
				GCC_C_LANGUAGE_STANDARD = gnu11;
				GCC_DYNAMIC_NO_PIC = NO;
				GCC_NO_COMMON_BLOCKS = YES;
				GCC_OPTIMIZATION_LEVEL = 0;
				GCC_PREPROCESSOR_DEFINITIONS = (
					"DEBUG=1",
					"$(inherited)",
				);
				GCC_WARN_64_TO_32_BIT_CONVERSION = YES;
				GCC_WARN_ABOUT_RETURN_TYPE = YES_ERROR;
				GCC_WARN_UNDECLARED_SELECTOR = YES;
				GCC_WARN_UNINITIALIZED_AUTOS = YES_AGGRESSIVE;
				GCC_WARN_UNUSED_FUNCTION = YES;
				GCC_WARN_UNUSED_VARIABLE = YES;
				IPHONEOS_DEPLOYMENT_TARGET = 14.4;
				MTL_ENABLE_DEBUG_INFO = INCLUDE_SOURCE;
				MTL_FAST_MATH = YES;
				ONLY_ACTIVE_ARCH = YES;
				SDKROOT = iphoneos;
				SWIFT_ACTIVE_COMPILATION_CONDITIONS = DEBUG;
				SWIFT_OPTIMIZATION_LEVEL = "-Onone";
			};
			name = Debug;
		};
		49A9E9AE25E4A4A30026228A /* Release */ = {
			isa = XCBuildConfiguration;
			buildSettings = {
				ALWAYS_SEARCH_USER_PATHS = NO;
				CLANG_ANALYZER_NONNULL = YES;
				CLANG_ANALYZER_NUMBER_OBJECT_CONVERSION = YES_AGGRESSIVE;
				CLANG_CXX_LANGUAGE_STANDARD = "gnu++14";
				CLANG_CXX_LIBRARY = "libc++";
				CLANG_ENABLE_MODULES = YES;
				CLANG_ENABLE_OBJC_ARC = YES;
				CLANG_ENABLE_OBJC_WEAK = YES;
				CLANG_WARN_BLOCK_CAPTURE_AUTORELEASING = YES;
				CLANG_WARN_BOOL_CONVERSION = YES;
				CLANG_WARN_COMMA = YES;
				CLANG_WARN_CONSTANT_CONVERSION = YES;
				CLANG_WARN_DEPRECATED_OBJC_IMPLEMENTATIONS = YES;
				CLANG_WARN_DIRECT_OBJC_ISA_USAGE = YES_ERROR;
				CLANG_WARN_DOCUMENTATION_COMMENTS = YES;
				CLANG_WARN_EMPTY_BODY = YES;
				CLANG_WARN_ENUM_CONVERSION = YES;
				CLANG_WARN_INFINITE_RECURSION = YES;
				CLANG_WARN_INT_CONVERSION = YES;
				CLANG_WARN_NON_LITERAL_NULL_CONVERSION = YES;
				CLANG_WARN_OBJC_IMPLICIT_RETAIN_SELF = YES;
				CLANG_WARN_OBJC_LITERAL_CONVERSION = YES;
				CLANG_WARN_OBJC_ROOT_CLASS = YES_ERROR;
				CLANG_WARN_QUOTED_INCLUDE_IN_FRAMEWORK_HEADER = YES;
				CLANG_WARN_RANGE_LOOP_ANALYSIS = YES;
				CLANG_WARN_STRICT_PROTOTYPES = YES;
				CLANG_WARN_SUSPICIOUS_MOVE = YES;
				CLANG_WARN_UNGUARDED_AVAILABILITY = YES_AGGRESSIVE;
				CLANG_WARN_UNREACHABLE_CODE = YES;
				CLANG_WARN__DUPLICATE_METHOD_MATCH = YES;
				COPY_PHASE_STRIP = NO;
				DEBUG_INFORMATION_FORMAT = "dwarf-with-dsym";
				ENABLE_NS_ASSERTIONS = NO;
				ENABLE_STRICT_OBJC_MSGSEND = YES;
				GCC_C_LANGUAGE_STANDARD = gnu11;
				GCC_NO_COMMON_BLOCKS = YES;
				GCC_WARN_64_TO_32_BIT_CONVERSION = YES;
				GCC_WARN_ABOUT_RETURN_TYPE = YES_ERROR;
				GCC_WARN_UNDECLARED_SELECTOR = YES;
				GCC_WARN_UNINITIALIZED_AUTOS = YES_AGGRESSIVE;
				GCC_WARN_UNUSED_FUNCTION = YES;
				GCC_WARN_UNUSED_VARIABLE = YES;
				IPHONEOS_DEPLOYMENT_TARGET = 14.4;
				MTL_ENABLE_DEBUG_INFO = NO;
				MTL_FAST_MATH = YES;
				SDKROOT = iphoneos;
				SWIFT_COMPILATION_MODE = wholemodule;
				SWIFT_OPTIMIZATION_LEVEL = "-O";
				VALIDATE_PRODUCT = YES;
			};
			name = Release;
		};
		49A9E9B025E4A4A30026228A /* Debug */ = {
			isa = XCBuildConfiguration;
			buildSettings = {
				ASSETCATALOG_COMPILER_APPICON_NAME = AppIcon;
				ASSETCATALOG_COMPILER_GLOBAL_ACCENT_COLOR_NAME = AccentColor;
				CODE_SIGN_STYLE = Automatic;
				DEVELOPMENT_TEAM = DN554RS36R;
				FRAMEWORK_SEARCH_PATHS = (
					"$(inherited)",
					"$(PROJECT_DIR)",
					"$(PROJECT_DIR)/Frameworks",
				);
				INFOPLIST_FILE = "eGHL Example V2/Info.plist";
				LD_RUNPATH_SEARCH_PATHS = (
					"$(inherited)",
					"@executable_path/Frameworks",
				);
				PRODUCT_BUNDLE_IDENTIFIER = "testing.eGHL-Example-V2";
				PRODUCT_NAME = "$(TARGET_NAME)";
				SWIFT_VERSION = 5.0;
				TARGETED_DEVICE_FAMILY = "1,2";
				VALIDATE_WORKSPACE = YES;
			};
			name = Debug;
		};
		49A9E9B125E4A4A30026228A /* Release */ = {
			isa = XCBuildConfiguration;
			buildSettings = {
				ASSETCATALOG_COMPILER_APPICON_NAME = AppIcon;
				ASSETCATALOG_COMPILER_GLOBAL_ACCENT_COLOR_NAME = AccentColor;
				CODE_SIGN_STYLE = Automatic;
				DEVELOPMENT_TEAM = DN554RS36R;
				FRAMEWORK_SEARCH_PATHS = (
					"$(inherited)",
					"$(PROJECT_DIR)",
					"$(PROJECT_DIR)/Frameworks",
				);
				INFOPLIST_FILE = "eGHL Example V2/Info.plist";
				LD_RUNPATH_SEARCH_PATHS = (
					"$(inherited)",
					"@executable_path/Frameworks",
				);
				PRODUCT_BUNDLE_IDENTIFIER = "testing.eGHL-Example-V2";
				PRODUCT_NAME = "$(TARGET_NAME)";
				SWIFT_VERSION = 5.0;
				TARGETED_DEVICE_FAMILY = "1,2";
				VALIDATE_WORKSPACE = YES;
			};
			name = Release;
		};
		49A9E9B325E4A4A30026228A /* Debug */ = {
			isa = XCBuildConfiguration;
			buildSettings = {
				ALWAYS_EMBED_SWIFT_STANDARD_LIBRARIES = YES;
				BUNDLE_LOADER = "$(TEST_HOST)";
				CODE_SIGN_STYLE = Automatic;
				DEVELOPMENT_TEAM = DN554RS36R;
				INFOPLIST_FILE = "eGHL Example V2Tests/Info.plist";
				IPHONEOS_DEPLOYMENT_TARGET = 14.4;
				LD_RUNPATH_SEARCH_PATHS = (
					"$(inherited)",
					"@executable_path/Frameworks",
					"@loader_path/Frameworks",
				);
				PRODUCT_BUNDLE_IDENTIFIER = "testing.eGHL-Example-V2Tests";
				PRODUCT_NAME = "$(TARGET_NAME)";
				SWIFT_VERSION = 5.0;
				TARGETED_DEVICE_FAMILY = "1,2";
				TEST_HOST = "$(BUILT_PRODUCTS_DIR)/eGHL Example V2.app/eGHL Example V2";
			};
			name = Debug;
		};
		49A9E9B425E4A4A30026228A /* Release */ = {
			isa = XCBuildConfiguration;
			buildSettings = {
				ALWAYS_EMBED_SWIFT_STANDARD_LIBRARIES = YES;
				BUNDLE_LOADER = "$(TEST_HOST)";
				CODE_SIGN_STYLE = Automatic;
				DEVELOPMENT_TEAM = DN554RS36R;
				INFOPLIST_FILE = "eGHL Example V2Tests/Info.plist";
				IPHONEOS_DEPLOYMENT_TARGET = 14.4;
				LD_RUNPATH_SEARCH_PATHS = (
					"$(inherited)",
					"@executable_path/Frameworks",
					"@loader_path/Frameworks",
				);
				PRODUCT_BUNDLE_IDENTIFIER = "testing.eGHL-Example-V2Tests";
				PRODUCT_NAME = "$(TARGET_NAME)";
				SWIFT_VERSION = 5.0;
				TARGETED_DEVICE_FAMILY = "1,2";
				TEST_HOST = "$(BUILT_PRODUCTS_DIR)/eGHL Example V2.app/eGHL Example V2";
			};
			name = Release;
		};
		49A9E9B625E4A4A30026228A /* Debug */ = {
			isa = XCBuildConfiguration;
			buildSettings = {
				ALWAYS_EMBED_SWIFT_STANDARD_LIBRARIES = YES;
				CODE_SIGN_STYLE = Automatic;
				DEVELOPMENT_TEAM = DN554RS36R;
				INFOPLIST_FILE = "eGHL Example V2UITests/Info.plist";
				LD_RUNPATH_SEARCH_PATHS = (
					"$(inherited)",
					"@executable_path/Frameworks",
					"@loader_path/Frameworks",
				);
				PRODUCT_BUNDLE_IDENTIFIER = "testing.eGHL-Example-V2UITests";
				PRODUCT_NAME = "$(TARGET_NAME)";
				SWIFT_VERSION = 5.0;
				TARGETED_DEVICE_FAMILY = "1,2";
				TEST_TARGET_NAME = "eGHL Example V2";
			};
			name = Debug;
		};
		49A9E9B725E4A4A30026228A /* Release */ = {
			isa = XCBuildConfiguration;
			buildSettings = {
				ALWAYS_EMBED_SWIFT_STANDARD_LIBRARIES = YES;
				CODE_SIGN_STYLE = Automatic;
				DEVELOPMENT_TEAM = DN554RS36R;
				INFOPLIST_FILE = "eGHL Example V2UITests/Info.plist";
				LD_RUNPATH_SEARCH_PATHS = (
					"$(inherited)",
					"@executable_path/Frameworks",
					"@loader_path/Frameworks",
				);
				PRODUCT_BUNDLE_IDENTIFIER = "testing.eGHL-Example-V2UITests";
				PRODUCT_NAME = "$(TARGET_NAME)";
				SWIFT_VERSION = 5.0;
				TARGETED_DEVICE_FAMILY = "1,2";
				TEST_TARGET_NAME = "eGHL Example V2";
			};
			name = Release;
		};
/* End XCBuildConfiguration section */

/* Begin XCConfigurationList section */
		49A9E98025E4A4A10026228A /* Build configuration list for PBXProject "eGHL Example V2" */ = {
			isa = XCConfigurationList;
			buildConfigurations = (
				49A9E9AD25E4A4A30026228A /* Debug */,
				49A9E9AE25E4A4A30026228A /* Release */,
			);
			defaultConfigurationIsVisible = 0;
			defaultConfigurationName = Release;
		};
		49A9E9AF25E4A4A30026228A /* Build configuration list for PBXNativeTarget "eGHL Example V2" */ = {
			isa = XCConfigurationList;
			buildConfigurations = (
				49A9E9B025E4A4A30026228A /* Debug */,
				49A9E9B125E4A4A30026228A /* Release */,
			);
			defaultConfigurationIsVisible = 0;
			defaultConfigurationName = Release;
		};
		49A9E9B225E4A4A30026228A /* Build configuration list for PBXNativeTarget "eGHL Example V2Tests" */ = {
			isa = XCConfigurationList;
			buildConfigurations = (
				49A9E9B325E4A4A30026228A /* Debug */,
				49A9E9B425E4A4A30026228A /* Release */,
			);
			defaultConfigurationIsVisible = 0;
			defaultConfigurationName = Release;
		};
		49A9E9B525E4A4A30026228A /* Build configuration list for PBXNativeTarget "eGHL Example V2UITests" */ = {
			isa = XCConfigurationList;
			buildConfigurations = (
				49A9E9B625E4A4A30026228A /* Debug */,
				49A9E9B725E4A4A30026228A /* Release */,
			);
			defaultConfigurationIsVisible = 0;
			defaultConfigurationName = Release;
		};
/* End XCConfigurationList section */
	};
	rootObject = 49A9E97D25E4A4A10026228A /* Project object */;
}
